
Microsoft Visual Studio Solution File, Format Version 12.00
# Visual Studio Version 16
VisualStudioVersion = 16.0.30907.101
MinimumVisualStudioVersion = 10.0.40219.1
Project("{8BC9CEB8-8B4A-11D0-8D11-00A0C91BC942}") = "ConsoleApplication39", "ConsoleApplication39.vcxproj", "{996D00BB-2C60-4A24-8113-F15F539EBA24}"
EndProject
Global
	GlobalSection(SolutionConfigurationPlatforms) = preSolution
		Debug|x64 = Debug|x64
		Debug|x86 = Debug|x86
		Release|x64 = Release|x64
		Release|x86 = Release|x86
	EndGlobalSection
	GlobalSection(ProjectConfigurationPlatforms) = postSolution
		{996D00BB-2C60-4A24-8113-F15F539EBA24}.Debug|x64.ActiveCfg = Debug|x64
		{996D00BB-2C60-4A24-8113-F15F539EBA24}.Debug|x64.Build.0 = Debug|x64
		{996D00BB-2C60-4A24-8113-F15F539EBA24}.Debug|x86.ActiveCfg = Debug|Win32
		{996D00BB-2C60-4A24-8113-F15F539EBA24}.Debug|x86.Build.0 = Debug|Win32
		{996D00BB-2C60-4A24-8113-F15F539EBA24}.Release|x64.ActiveCfg = Release|x64
		{996D00BB-2C60-4A24-8113-F15F539EBA24}.Release|x64.Build.0 = Release|x64
		{996D00BB-2C60-4A24-8113-F15F539EBA24}.Release|x86.ActiveCfg = Release|Win32
		{996D00BB-2C60-4A24-8113-F15F539EBA24}.Release|x86.Build.0 = Release|Win32
	EndGlobalSection
	GlobalSection(SolutionProperties) = preSolution
		HideSolutionNode = FALSE
	EndGlobalSection
	GlobalSection(ExtensibilityGlobals) = postSolution
		SolutionGuid = {5710BCF2-7502-42C7-8BDB-4375D5573719}
	EndGlobalSection
EndGlobal
